// !$*UTF8*$!
{
	archiveVersion = 1;
	classes = {
	};
	objectVersion = 50;
	objects = {

/* Begin PBXBuildFile section */
		2641A771207CF21900B1E322 /* Test1ViewController.swift in Sources */ = {isa = PBXBuildFile; fileRef = 2641A770207CF21900B1E322 /* Test1ViewController.swift */; };
		2641A773207CF22F00B1E322 /* Test2ViewController.swift in Sources */ = {isa = PBXBuildFile; fileRef = 2641A772207CF22F00B1E322 /* Test2ViewController.swift */; };
		2691BD88207CD08000F48BC1 /* MyParticle9.sks in Resources */ = {isa = PBXBuildFile; fileRef = 2691BD87207CD08000F48BC1 /* MyParticle9.sks */; };
		26C99FD6207B8F1A00CC30AE /* AppDelegate.swift in Sources */ = {isa = PBXBuildFile; fileRef = 26C99FD5207B8F1A00CC30AE /* AppDelegate.swift */; };
		26C99FD8207B8F1A00CC30AE /* ViewController.swift in Sources */ = {isa = PBXBuildFile; fileRef = 26C99FD7207B8F1A00CC30AE /* ViewController.swift */; };
		26C99FDB207B8F1A00CC30AE /* Main.storyboard in Resources */ = {isa = PBXBuildFile; fileRef = 26C99FD9207B8F1A00CC30AE /* Main.storyboard */; };
		26C99FDD207B8F1C00CC30AE /* Assets.xcassets in Resources */ = {isa = PBXBuildFile; fileRef = 26C99FDC207B8F1C00CC30AE /* Assets.xcassets */; };
		26C99FE0207B8F1C00CC30AE /* LaunchScreen.storyboard in Resources */ = {isa = PBXBuildFile; fileRef = 26C99FDE207B8F1C00CC30AE /* LaunchScreen.storyboard */; };
		26C99FEB207B8F1C00CC30AE /* startDisplayTests.swift in Sources */ = {isa = PBXBuildFile; fileRef = 26C99FEA207B8F1C00CC30AE /* startDisplayTests.swift */; };
		26C99FF6207B8F1C00CC30AE /* startDisplayUITests.swift in Sources */ = {isa = PBXBuildFile; fileRef = 26C99FF5207B8F1C00CC30AE /* startDisplayUITests.swift */; };
		26C9A004207B969800CC30AE /* test.png in Resources */ = {isa = PBXBuildFile; fileRef = 26C9A003207B969800CC30AE /* test.png */; };
		26C9A006207BCC2300CC30AE /* MyParticle.sks in Resources */ = {isa = PBXBuildFile; fileRef = 26C9A005207BCC2300CC30AE /* MyParticle.sks */; };
		26C9A008207BCCAA00CC30AE /* Snow.sks in Resources */ = {isa = PBXBuildFile; fileRef = 26C9A007207BCCAA00CC30AE /* Snow.sks */; };
		26C9A00E207BCF6F00CC30AE /* TitleScene.swift in Sources */ = {isa = PBXBuildFile; fileRef = 26C9A00D207BCF6F00CC30AE /* TitleScene.swift */; };
		26C9A010207BD3DB00CC30AE /* MyParticle2.sks in Resources */ = {isa = PBXBuildFile; fileRef = 26C9A00F207BD3DB00CC30AE /* MyParticle2.sks */; };
		887989B2D7B4089E7909569C /* Pods_startDisplay.framework in Frameworks */ = {isa = PBXBuildFile; fileRef = 8C941B78CD7131289524FA8C /* Pods_startDisplay.framework */; };
		D12B07A5412D10096F355ABC /* Pods_startDisplayTests.framework in Frameworks */ = {isa = PBXBuildFile; fileRef = E26EABC79D8DC4E861160F86 /* Pods_startDisplayTests.framework */; };
		D934225E7BFEF72183FC5B90 /* Pods_startDisplayUITests.framework in Frameworks */ = {isa = PBXBuildFile; fileRef = E16DCCA27A85A96EDC4C2C29 /* Pods_startDisplayUITests.framework */; };
/* End PBXBuildFile section */

/* Begin PBXContainerItemProxy section */
		26C99FE7207B8F1C00CC30AE /* PBXContainerItemProxy */ = {
			isa = PBXContainerItemProxy;
			containerPortal = 26C99FCA207B8F1A00CC30AE /* Project object */;
			proxyType = 1;
			remoteGlobalIDString = 26C99FD1207B8F1A00CC30AE;
			remoteInfo = startDisplay;
		};
		26C99FF2207B8F1C00CC30AE /* PBXContainerItemProxy */ = {
			isa = PBXContainerItemProxy;
			containerPortal = 26C99FCA207B8F1A00CC30AE /* Project object */;
			proxyType = 1;
			remoteGlobalIDString = 26C99FD1207B8F1A00CC30AE;
			remoteInfo = startDisplay;
		};
/* End PBXContainerItemProxy section */

/* Begin PBXFileReference section */
		0C92268F58134D14BBDF44EC /* Pods-startDisplayUITests.release.xcconfig */ = {isa = PBXFileReference; includeInIndex = 1; lastKnownFileType = text.xcconfig; name = "Pods-startDisplayUITests.release.xcconfig"; path = "Pods/Target Support Files/Pods-startDisplayUITests/Pods-startDisplayUITests.release.xcconfig"; sourceTree = "<group>"; };
		14A17DFC2022DF1F219D1609 /* Pods-startDisplay.debug.xcconfig */ = {isa = PBXFileReference; includeInIndex = 1; lastKnownFileType = text.xcconfig; name = "Pods-startDisplay.debug.xcconfig"; path = "Pods/Target Support Files/Pods-startDisplay/Pods-startDisplay.debug.xcconfig"; sourceTree = "<group>"; };
		2641A770207CF21900B1E322 /* Test1ViewController.swift */ = {isa = PBXFileReference; lastKnownFileType = sourcecode.swift; path = Test1ViewController.swift; sourceTree = "<group>"; };
		2641A772207CF22F00B1E322 /* Test2ViewController.swift */ = {isa = PBXFileReference; lastKnownFileType = sourcecode.swift; path = Test2ViewController.swift; sourceTree = "<group>"; };
		2691BD87207CD08000F48BC1 /* MyParticle9.sks */ = {isa = PBXFileReference; lastKnownFileType = file.sks; path = MyParticle9.sks; sourceTree = "<group>"; };
		26C99FD2207B8F1A00CC30AE /* startDisplay.app */ = {isa = PBXFileReference; explicitFileType = wrapper.application; includeInIndex = 0; path = startDisplay.app; sourceTree = BUILT_PRODUCTS_DIR; };
		26C99FD5207B8F1A00CC30AE /* AppDelegate.swift */ = {isa = PBXFileReference; lastKnownFileType = sourcecode.swift; path = AppDelegate.swift; sourceTree = "<group>"; };
		26C99FD7207B8F1A00CC30AE /* ViewController.swift */ = {isa = PBXFileReference; lastKnownFileType = sourcecode.swift; path = ViewController.swift; sourceTree = "<group>"; };
		26C99FDA207B8F1A00CC30AE /* Base */ = {isa = PBXFileReference; lastKnownFileType = file.storyboard; name = Base; path = Base.lproj/Main.storyboard; sourceTree = "<group>"; };
		26C99FDC207B8F1C00CC30AE /* Assets.xcassets */ = {isa = PBXFileReference; lastKnownFileType = folder.assetcatalog; path = Assets.xcassets; sourceTree = "<group>"; };
		26C99FDF207B8F1C00CC30AE /* Base */ = {isa = PBXFileReference; lastKnownFileType = file.storyboard; name = Base; path = Base.lproj/LaunchScreen.storyboard; sourceTree = "<group>"; };
		26C99FE1207B8F1C00CC30AE /* Info.plist */ = {isa = PBXFileReference; lastKnownFileType = text.plist.xml; path = Info.plist; sourceTree = "<group>"; };
		26C99FE6207B8F1C00CC30AE /* startDisplayTests.xctest */ = {isa = PBXFileReference; explicitFileType = wrapper.cfbundle; includeInIndex = 0; path = startDisplayTests.xctest; sourceTree = BUILT_PRODUCTS_DIR; };
		26C99FEA207B8F1C00CC30AE /* startDisplayTests.swift */ = {isa = PBXFileReference; lastKnownFileType = sourcecode.swift; path = startDisplayTests.swift; sourceTree = "<group>"; };
		26C99FEC207B8F1C00CC30AE /* Info.plist */ = {isa = PBXFileReference; lastKnownFileType = text.plist.xml; path = Info.plist; sourceTree = "<group>"; };
		26C99FF1207B8F1C00CC30AE /* startDisplayUITests.xctest */ = {isa = PBXFileReference; explicitFileType = wrapper.cfbundle; includeInIndex = 0; path = startDisplayUITests.xctest; sourceTree = BUILT_PRODUCTS_DIR; };
		26C99FF5207B8F1C00CC30AE /* startDisplayUITests.swift */ = {isa = PBXFileReference; lastKnownFileType = sourcecode.swift; path = startDisplayUITests.swift; sourceTree = "<group>"; };
		26C99FF7207B8F1C00CC30AE /* Info.plist */ = {isa = PBXFileReference; lastKnownFileType = text.plist.xml; path = Info.plist; sourceTree = "<group>"; };
		26C9A003207B969800CC30AE /* test.png */ = {isa = PBXFileReference; lastKnownFileType = image.png; name = test.png; path = ../../../../Desktop/pic/test.png; sourceTree = "<group>"; };
		26C9A005207BCC2300CC30AE /* MyParticle.sks */ = {isa = PBXFileReference; lastKnownFileType = file.sks; path = MyParticle.sks; sourceTree = "<group>"; };
		26C9A007207BCCAA00CC30AE /* Snow.sks */ = {isa = PBXFileReference; lastKnownFileType = file.sks; path = Snow.sks; sourceTree = "<group>"; };
		26C9A00D207BCF6F00CC30AE /* TitleScene.swift */ = {isa = PBXFileReference; lastKnownFileType = sourcecode.swift; path = TitleScene.swift; sourceTree = "<group>"; };
		26C9A00F207BD3DB00CC30AE /* MyParticle2.sks */ = {isa = PBXFileReference; lastKnownFileType = file.sks; path = MyParticle2.sks; sourceTree = "<group>"; };
		4047F24B6AC44CCEF4E38E38 /* Pods-startDisplayTests.debug.xcconfig */ = {isa = PBXFileReference; includeInIndex = 1; lastKnownFileType = text.xcconfig; name = "Pods-startDisplayTests.debug.xcconfig"; path = "Pods/Target Support Files/Pods-startDisplayTests/Pods-startDisplayTests.debug.xcconfig"; sourceTree = "<group>"; };
		5BFF1126E0C9F6EBAE366921 /* Pods-startDisplay.release.xcconfig */ = {isa = PBXFileReference; includeInIndex = 1; lastKnownFileType = text.xcconfig; name = "Pods-startDisplay.release.xcconfig"; path = "Pods/Target Support Files/Pods-startDisplay/Pods-startDisplay.release.xcconfig"; sourceTree = "<group>"; };
		8C941B78CD7131289524FA8C /* Pods_startDisplay.framework */ = {isa = PBXFileReference; explicitFileType = wrapper.framework; includeInIndex = 0; path = Pods_startDisplay.framework; sourceTree = BUILT_PRODUCTS_DIR; };
		BF05409B25B8B8CC64BD0B77 /* Pods-startDisplayTests.release.xcconfig */ = {isa = PBXFileReference; includeInIndex = 1; lastKnownFileType = text.xcconfig; name = "Pods-startDisplayTests.release.xcconfig"; path = "Pods/Target Support Files/Pods-startDisplayTests/Pods-startDisplayTests.release.xcconfig"; sourceTree = "<group>"; };
		C7B278312F7F646A9F1E52A0 /* Pods-startDisplayUITests.debug.xcconfig */ = {isa = PBXFileReference; includeInIndex = 1; lastKnownFileType = text.xcconfig; name = "Pods-startDisplayUITests.debug.xcconfig"; path = "Pods/Target Support Files/Pods-startDisplayUITests/Pods-startDisplayUITests.debug.xcconfig"; sourceTree = "<group>"; };
		E16DCCA27A85A96EDC4C2C29 /* Pods_startDisplayUITests.framework */ = {isa = PBXFileReference; explicitFileType = wrapper.framework; includeInIndex = 0; path = Pods_startDisplayUITests.framework; sourceTree = BUILT_PRODUCTS_DIR; };
		E26EABC79D8DC4E861160F86 /* Pods_startDisplayTests.framework */ = {isa = PBXFileReference; explicitFileType = wrapper.framework; includeInIndex = 0; path = Pods_startDisplayTests.framework; sourceTree = BUILT_PRODUCTS_DIR; };
/* End PBXFileReference section */

/* Begin PBXFrameworksBuildPhase section */
		26C99FCF207B8F1A00CC30AE /* Frameworks */ = {
			isa = PBXFrameworksBuildPhase;
			buildActionMask = 2147483647;
			files = (
				887989B2D7B4089E7909569C /* Pods_startDisplay.framework in Frameworks */,
			);
			runOnlyForDeploymentPostprocessing = 0;
		};
		26C99FE3207B8F1C00CC30AE /* Frameworks */ = {
			isa = PBXFrameworksBuildPhase;
			buildActionMask = 2147483647;
			files = (
				D12B07A5412D10096F355ABC /* Pods_startDisplayTests.framework in Frameworks */,
			);
			runOnlyForDeploymentPostprocessing = 0;
		};
		26C99FEE207B8F1C00CC30AE /* Frameworks */ = {
			isa = PBXFrameworksBuildPhase;
			buildActionMask = 2147483647;
			files = (
				D934225E7BFEF72183FC5B90 /* Pods_startDisplayUITests.framework in Frameworks */,
			);
			runOnlyForDeploymentPostprocessing = 0;
		};
/* End PBXFrameworksBuildPhase section */

/* Begin PBXGroup section */
		19B9A371FDA73369F5211895 /* Pods */ = {
			isa = PBXGroup;
			children = (
				14A17DFC2022DF1F219D1609 /* Pods-startDisplay.debug.xcconfig */,
				5BFF1126E0C9F6EBAE366921 /* Pods-startDisplay.release.xcconfig */,
				4047F24B6AC44CCEF4E38E38 /* Pods-startDisplayTests.debug.xcconfig */,
				BF05409B25B8B8CC64BD0B77 /* Pods-startDisplayTests.release.xcconfig */,
				C7B278312F7F646A9F1E52A0 /* Pods-startDisplayUITests.debug.xcconfig */,
				0C92268F58134D14BBDF44EC /* Pods-startDisplayUITests.release.xcconfig */,
			);
			name = Pods;
			sourceTree = "<group>";
		};
		26C99FC9207B8F1A00CC30AE = {
			isa = PBXGroup;
			children = (
				26C99FD4207B8F1A00CC30AE /* startDisplay */,
				26C99FE9207B8F1C00CC30AE /* startDisplayTests */,
				26C99FF4207B8F1C00CC30AE /* startDisplayUITests */,
				26C99FD3207B8F1A00CC30AE /* Products */,
				19B9A371FDA73369F5211895 /* Pods */,
				295103FF76557BC08E401FB6 /* Frameworks */,
			);
			sourceTree = "<group>";
		};
		26C99FD3207B8F1A00CC30AE /* Products */ = {
			isa = PBXGroup;
			children = (
				26C99FD2207B8F1A00CC30AE /* startDisplay.app */,
				26C99FE6207B8F1C00CC30AE /* startDisplayTests.xctest */,
				26C99FF1207B8F1C00CC30AE /* startDisplayUITests.xctest */,
			);
			name = Products;
			sourceTree = "<group>";
		};
		26C99FD4207B8F1A00CC30AE /* startDisplay */ = {
			isa = PBXGroup;
			children = (
				26C99FD5207B8F1A00CC30AE /* AppDelegate.swift */,
				26C99FD7207B8F1A00CC30AE /* ViewController.swift */,
				26C99FD9207B8F1A00CC30AE /* Main.storyboard */,
				26C99FDC207B8F1C00CC30AE /* Assets.xcassets */,
				26C9A003207B969800CC30AE /* test.png */,
				26C99FDE207B8F1C00CC30AE /* LaunchScreen.storyboard */,
				26C99FE1207B8F1C00CC30AE /* Info.plist */,
				26C9A005207BCC2300CC30AE /* MyParticle.sks */,
				26C9A007207BCCAA00CC30AE /* Snow.sks */,
				26C9A00D207BCF6F00CC30AE /* TitleScene.swift */,
				26C9A00F207BD3DB00CC30AE /* MyParticle2.sks */,
				2691BD87207CD08000F48BC1 /* MyParticle9.sks */,
				2641A770207CF21900B1E322 /* Test1ViewController.swift */,
				2641A772207CF22F00B1E322 /* Test2ViewController.swift */,
			);
			path = startDisplay;
			sourceTree = "<group>";
		};
		26C99FE9207B8F1C00CC30AE /* startDisplayTests */ = {
			isa = PBXGroup;
			children = (
				26C99FEA207B8F1C00CC30AE /* startDisplayTests.swift */,
				26C99FEC207B8F1C00CC30AE /* Info.plist */,
			);
			path = startDisplayTests;
			sourceTree = "<group>";
		};
		26C99FF4207B8F1C00CC30AE /* startDisplayUITests */ = {
			isa = PBXGroup;
			children = (
				26C99FF5207B8F1C00CC30AE /* startDisplayUITests.swift */,
				26C99FF7207B8F1C00CC30AE /* Info.plist */,
			);
			path = startDisplayUITests;
			sourceTree = "<group>";
		};
		295103FF76557BC08E401FB6 /* Frameworks */ = {
			isa = PBXGroup;
			children = (
				8C941B78CD7131289524FA8C /* Pods_startDisplay.framework */,
				E26EABC79D8DC4E861160F86 /* Pods_startDisplayTests.framework */,
				E16DCCA27A85A96EDC4C2C29 /* Pods_startDisplayUITests.framework */,
			);
			name = Frameworks;
			sourceTree = "<group>";
		};
/* End PBXGroup section */

/* Begin PBXNativeTarget section */
		26C99FD1207B8F1A00CC30AE /* startDisplay */ = {
			isa = PBXNativeTarget;
			buildConfigurationList = 26C99FFA207B8F1C00CC30AE /* Build configuration list for PBXNativeTarget "startDisplay" */;
			buildPhases = (
				B95E6CB57E67A1C81B85B850 /* [CP] Check Pods Manifest.lock */,
				26C99FCE207B8F1A00CC30AE /* Sources */,
				26C99FCF207B8F1A00CC30AE /* Frameworks */,
				26C99FD0207B8F1A00CC30AE /* Resources */,
				D9C97AF0E8437B9E81D859C8 /* [CP] Embed Pods Frameworks */,
			);
			buildRules = (
			);
			dependencies = (
			);
			name = startDisplay;
			productName = startDisplay;
			productReference = 26C99FD2207B8F1A00CC30AE /* startDisplay.app */;
			productType = "com.apple.product-type.application";
		};
		26C99FE5207B8F1C00CC30AE /* startDisplayTests */ = {
			isa = PBXNativeTarget;
			buildConfigurationList = 26C99FFD207B8F1C00CC30AE /* Build configuration list for PBXNativeTarget "startDisplayTests" */;
			buildPhases = (
				363E3869F793BBD392B8BBF0 /* [CP] Check Pods Manifest.lock */,
				26C99FE2207B8F1C00CC30AE /* Sources */,
				26C99FE3207B8F1C00CC30AE /* Frameworks */,
				26C99FE4207B8F1C00CC30AE /* Resources */,
			);
			buildRules = (
			);
			dependencies = (
				26C99FE8207B8F1C00CC30AE /* PBXTargetDependency */,
			);
			name = startDisplayTests;
			productName = startDisplayTests;
			productReference = 26C99FE6207B8F1C00CC30AE /* startDisplayTests.xctest */;
			productType = "com.apple.product-type.bundle.unit-test";
		};
		26C99FF0207B8F1C00CC30AE /* startDisplayUITests */ = {
			isa = PBXNativeTarget;
			buildConfigurationList = 26C9A000207B8F1C00CC30AE /* Build configuration list for PBXNativeTarget "startDisplayUITests" */;
			buildPhases = (
				38509C033E8B06DFAAF74307 /* [CP] Check Pods Manifest.lock */,
				26C99FED207B8F1C00CC30AE /* Sources */,
				26C99FEE207B8F1C00CC30AE /* Frameworks */,
				26C99FEF207B8F1C00CC30AE /* Resources */,
			);
			buildRules = (
			);
			dependencies = (
				26C99FF3207B8F1C00CC30AE /* PBXTargetDependency */,
			);
			name = startDisplayUITests;
			productName = startDisplayUITests;
			productReference = 26C99FF1207B8F1C00CC30AE /* startDisplayUITests.xctest */;
			productType = "com.apple.product-type.bundle.ui-testing";
		};
/* End PBXNativeTarget section */

/* Begin PBXProject section */
		26C99FCA207B8F1A00CC30AE /* Project object */ = {
			isa = PBXProject;
			attributes = {
				LastSwiftUpdateCheck = 0930;
				LastUpgradeCheck = 0930;
				ORGANIZATIONNAME = "Arai Koyo";
				TargetAttributes = {
					26C99FD1207B8F1A00CC30AE = {
						CreatedOnToolsVersion = 9.3;
					};
					26C99FE5207B8F1C00CC30AE = {
						CreatedOnToolsVersion = 9.3;
						TestTargetID = 26C99FD1207B8F1A00CC30AE;
					};
					26C99FF0207B8F1C00CC30AE = {
						CreatedOnToolsVersion = 9.3;
						TestTargetID = 26C99FD1207B8F1A00CC30AE;
					};
				};
			};
			buildConfigurationList = 26C99FCD207B8F1A00CC30AE /* Build configuration list for PBXProject "startDisplay" */;
			compatibilityVersion = "Xcode 9.3";
			developmentRegion = en;
			hasScannedForEncodings = 0;
			knownRegions = (
				en,
				Base,
			);
			mainGroup = 26C99FC9207B8F1A00CC30AE;
			productRefGroup = 26C99FD3207B8F1A00CC30AE /* Products */;
			projectDirPath = "";
			projectRoot = "";
			targets = (
				26C99FD1207B8F1A00CC30AE /* startDisplay */,
				26C99FE5207B8F1C00CC30AE /* startDisplayTests */,
				26C99FF0207B8F1C00CC30AE /* startDisplayUITests */,
			);
		};
/* End PBXProject section */

/* Begin PBXResourcesBuildPhase section */
		26C99FD0207B8F1A00CC30AE /* Resources */ = {
			isa = PBXResourcesBuildPhase;
			buildActionMask = 2147483647;
			files = (
				26C9A008207BCCAA00CC30AE /* Snow.sks in Resources */,
				2691BD88207CD08000F48BC1 /* MyParticle9.sks in Resources */,
				26C99FE0207B8F1C00CC30AE /* LaunchScreen.storyboard in Resources */,
				26C99FDD207B8F1C00CC30AE /* Assets.xcassets in Resources */,
				26C99FDB207B8F1A00CC30AE /* Main.storyboard in Resources */,
				26C9A004207B969800CC30AE /* test.png in Resources */,
				26C9A010207BD3DB00CC30AE /* MyParticle2.sks in Resources */,
				26C9A006207BCC2300CC30AE /* MyParticle.sks in Resources */,
			);
			runOnlyForDeploymentPostprocessing = 0;
		};
		26C99FE4207B8F1C00CC30AE /* Resources */ = {
			isa = PBXResourcesBuildPhase;
			buildActionMask = 2147483647;
			files = (
			);
			runOnlyForDeploymentPostprocessing = 0;
		};
		26C99FEF207B8F1C00CC30AE /* Resources */ = {
			isa = PBXResourcesBuildPhase;
			buildActionMask = 2147483647;
			files = (
			);
			runOnlyForDeploymentPostprocessing = 0;
		};
/* End PBXResourcesBuildPhase section */

/* Begin PBXShellScriptBuildPhase section */
		363E3869F793BBD392B8BBF0 /* [CP] Check Pods Manifest.lock */ = {
			isa = PBXShellScriptBuildPhase;
			buildActionMask = 2147483647;
			files = (
			);
			inputPaths = (
				"${PODS_PODFILE_DIR_PATH}/Podfile.lock",
				"${PODS_ROOT}/Manifest.lock",
			);
			name = "[CP] Check Pods Manifest.lock";
			outputPaths = (
				"$(DERIVED_FILE_DIR)/Pods-startDisplayTests-checkManifestLockResult.txt",
			);
			runOnlyForDeploymentPostprocessing = 0;
			shellPath = /bin/sh;
			shellScript = "diff \"${PODS_PODFILE_DIR_PATH}/Podfile.lock\" \"${PODS_ROOT}/Manifest.lock\" > /dev/null\nif [ $? != 0 ] ; then\n    # print error to STDERR\n    echo \"error: The sandbox is not in sync with the Podfile.lock. Run 'pod install' or update your CocoaPods installation.\" >&2\n    exit 1\nfi\n# This output is used by Xcode 'outputs' to avoid re-running this script phase.\necho \"SUCCESS\" > \"${SCRIPT_OUTPUT_FILE_0}\"\n";
			showEnvVarsInLog = 0;
		};
		38509C033E8B06DFAAF74307 /* [CP] Check Pods Manifest.lock */ = {
			isa = PBXShellScriptBuildPhase;
			buildActionMask = 2147483647;
			files = (
			);
			inputPaths = (
				"${PODS_PODFILE_DIR_PATH}/Podfile.lock",
				"${PODS_ROOT}/Manifest.lock",
			);
			name = "[CP] Check Pods Manifest.lock";
			outputPaths = (
				"$(DERIVED_FILE_DIR)/Pods-startDisplayUITests-checkManifestLockResult.txt",
			);
			runOnlyForDeploymentPostprocessing = 0;
			shellPath = /bin/sh;
			shellScript = "diff \"${PODS_PODFILE_DIR_PATH}/Podfile.lock\" \"${PODS_ROOT}/Manifest.lock\" > /dev/null\nif [ $? != 0 ] ; then\n    # print error to STDERR\n    echo \"error: The sandbox is not in sync with the Podfile.lock. Run 'pod install' or update your CocoaPods installation.\" >&2\n    exit 1\nfi\n# This output is used by Xcode 'outputs' to avoid re-running this script phase.\necho \"SUCCESS\" > \"${SCRIPT_OUTPUT_FILE_0}\"\n";
			showEnvVarsInLog = 0;
		};
		B95E6CB57E67A1C81B85B850 /* [CP] Check Pods Manifest.lock */ = {
			isa = PBXShellScriptBuildPhase;
			buildActionMask = 2147483647;
			files = (
			);
			inputPaths = (
				"${PODS_PODFILE_DIR_PATH}/Podfile.lock",
				"${PODS_ROOT}/Manifest.lock",
			);
			name = "[CP] Check Pods Manifest.lock";
			outputPaths = (
				"$(DERIVED_FILE_DIR)/Pods-startDisplay-checkManifestLockResult.txt",
			);
			runOnlyForDeploymentPostprocessing = 0;
			shellPath = /bin/sh;
			shellScript = "diff \"${PODS_PODFILE_DIR_PATH}/Podfile.lock\" \"${PODS_ROOT}/Manifest.lock\" > /dev/null\nif [ $? != 0 ] ; then\n    # print error to STDERR\n    echo \"error: The sandbox is not in sync with the Podfile.lock. Run 'pod install' or update your CocoaPods installation.\" >&2\n    exit 1\nfi\n# This output is used by Xcode 'outputs' to avoid re-running this script phase.\necho \"SUCCESS\" > \"${SCRIPT_OUTPUT_FILE_0}\"\n";
			showEnvVarsInLog = 0;
		};
		D9C97AF0E8437B9E81D859C8 /* [CP] Embed Pods Frameworks */ = {
			isa = PBXShellScriptBuildPhase;
			buildActionMask = 2147483647;
			files = (
			);
			inputPaths = (
				"${SRCROOT}/Pods/Target Support Files/Pods-startDisplay/Pods-startDisplay-frameworks.sh",
				"${BUILT_PRODUCTS_DIR}/LTMorphingLabel/LTMorphingLabel.framework",
				"${BUILT_PRODUCTS_DIR}/PagingMenuController/PagingMenuController.framework",
			);
			name = "[CP] Embed Pods Frameworks";
			outputPaths = (
				"${TARGET_BUILD_DIR}/${FRAMEWORKS_FOLDER_PATH}/LTMorphingLabel.framework",
				"${TARGET_BUILD_DIR}/${FRAMEWORKS_FOLDER_PATH}/PagingMenuController.framework",
			);
			runOnlyForDeploymentPostprocessing = 0;
			shellPath = /bin/sh;
			shellScript = "\"${SRCROOT}/Pods/Target Support Files/Pods-startDisplay/Pods-startDisplay-frameworks.sh\"\n";
			showEnvVarsInLog = 0;
		};
/* End PBXShellScriptBuildPhase section */

/* Begin PBXSourcesBuildPhase section */
		26C99FCE207B8F1A00CC30AE /* Sources */ = {
			isa = PBXSourcesBuildPhase;
			buildActionMask = 2147483647;
			files = (
				2641A773207CF22F00B1E322 /* Test2ViewController.swift in Sources */,
				2641A771207CF21900B1E322 /* Test1ViewController.swift in Sources */,
				26C99FD8207B8F1A00CC30AE /* ViewController.swift in Sources */,
				26C99FD6207B8F1A00CC30AE /* AppDelegate.swift in Sources */,
				26C9A00E207BCF6F00CC30AE /* TitleScene.swift in Sources */,
			);
			runOnlyForDeploymentPostprocessing = 0;
		};
		26C99FE2207B8F1C00CC30AE /* Sources */ = {
			isa = PBXSourcesBuildPhase;
			buildActionMask = 2147483647;
			files = (
				26C99FEB207B8F1C00CC30AE /* startDisplayTests.swift in Sources */,
			);
			runOnlyForDeploymentPostprocessing = 0;
		};
		26C99FED207B8F1C00CC30AE /* Sources */ = {
			isa = PBXSourcesBuildPhase;
			buildActionMask = 2147483647;
			files = (
				26C99FF6207B8F1C00CC30AE /* startDisplayUITests.swift in Sources */,
			);
			runOnlyForDeploymentPostprocessing = 0;
		};
/* End PBXSourcesBuildPhase section */

/* Begin PBXTargetDependency section */
		26C99FE8207B8F1C00CC30AE /* PBXTargetDependency */ = {
			isa = PBXTargetDependency;
			target = 26C99FD1207B8F1A00CC30AE /* startDisplay */;
			targetProxy = 26C99FE7207B8F1C00CC30AE /* PBXContainerItemProxy */;
		};
		26C99FF3207B8F1C00CC30AE /* PBXTargetDependency */ = {
			isa = PBXTargetDependency;
			target = 26C99FD1207B8F1A00CC30AE /* startDisplay */;
			targetProxy = 26C99FF2207B8F1C00CC30AE /* PBXContainerItemProxy */;
		};
/* End PBXTargetDependency section */

/* Begin PBXVariantGroup section */
		26C99FD9207B8F1A00CC30AE /* Main.storyboard */ = {
			isa = PBXVariantGroup;
			children = (
				26C99FDA207B8F1A00CC30AE /* Base */,
			);
			name = Main.storyboard;
			sourceTree = "<group>";
		};
		26C99FDE207B8F1C00CC30AE /* LaunchScreen.storyboard */ = {
			isa = PBXVariantGroup;
			children = (
				26C99FDF207B8F1C00CC30AE /* Base */,
			);
			name = LaunchScreen.storyboard;
			sourceTree = "<group>";
		};
/* End PBXVariantGroup section */

/* Begin XCBuildConfiguration section */
		26C99FF8207B8F1C00CC30AE /* Debug */ = {
			isa = XCBuildConfiguration;
			buildSettings = {
				ALWAYS_SEARCH_USER_PATHS = NO;
				CLANG_ANALYZER_NONNULL = YES;
				CLANG_ANALYZER_NUMBER_OBJECT_CONVERSION = YES_AGGRESSIVE;
				CLANG_CXX_LANGUAGE_STANDARD = "gnu++14";
				CLANG_CXX_LIBRARY = "libc++";
				CLANG_ENABLE_MODULES = YES;
				CLANG_ENABLE_OBJC_ARC = YES;
				CLANG_ENABLE_OBJC_WEAK = YES;
				CLANG_WARN_BLOCK_CAPTURE_AUTORELEASING = YES;
				CLANG_WARN_BOOL_CONVERSION = YES;
				CLANG_WARN_COMMA = YES;
				CLANG_WARN_CONSTANT_CONVERSION = YES;
				CLANG_WARN_DEPRECATED_OBJC_IMPLEMENTATIONS = YES;
				CLANG_WARN_DIRECT_OBJC_ISA_USAGE = YES_ERROR;
				CLANG_WARN_DOCUMENTATION_COMMENTS = YES;
				CLANG_WARN_EMPTY_BODY = YES;
				CLANG_WARN_ENUM_CONVERSION = YES;
				CLANG_WARN_INFINITE_RECURSION = YES;
				CLANG_WARN_INT_CONVERSION = YES;
				CLANG_WARN_NON_LITERAL_NULL_CONVERSION = YES;
				CLANG_WARN_OBJC_IMPLICIT_RETAIN_SELF = YES;
				CLANG_WARN_OBJC_LITERAL_CONVERSION = YES;
				CLANG_WARN_OBJC_ROOT_CLASS = YES_ERROR;
				CLANG_WARN_RANGE_LOOP_ANALYSIS = YES;
				CLANG_WARN_STRICT_PROTOTYPES = YES;
				CLANG_WARN_SUSPICIOUS_MOVE = YES;
				CLANG_WARN_UNGUARDED_AVAILABILITY = YES_AGGRESSIVE;
				CLANG_WARN_UNREACHABLE_CODE = YES;
				CLANG_WARN__DUPLICATE_METHOD_MATCH = YES;
				CODE_SIGN_IDENTITY = "iPhone Developer";
				COPY_PHASE_STRIP = NO;
				DEBUG_INFORMATION_FORMAT = dwarf;
				ENABLE_STRICT_OBJC_MSGSEND = YES;
				ENABLE_TESTABILITY = YES;
				GCC_C_LANGUAGE_STANDARD = gnu11;
				GCC_DYNAMIC_NO_PIC = NO;
				GCC_NO_COMMON_BLOCKS = YES;
				GCC_OPTIMIZATION_LEVEL = 0;
				GCC_PREPROCESSOR_DEFINITIONS = (
					"DEBUG=1",
					"$(inherited)",
				);
				GCC_WARN_64_TO_32_BIT_CONVERSION = YES;
				GCC_WARN_ABOUT_RETURN_TYPE = YES_ERROR;
				GCC_WARN_UNDECLARED_SELECTOR = YES;
				GCC_WARN_UNINITIALIZED_AUTOS = YES_AGGRESSIVE;
				GCC_WARN_UNUSED_FUNCTION = YES;
				GCC_WARN_UNUSED_VARIABLE = YES;
				IPHONEOS_DEPLOYMENT_TARGET = 11.3;
				MTL_ENABLE_DEBUG_INFO = YES;
				ONLY_ACTIVE_ARCH = YES;
				SDKROOT = iphoneos;
				SWIFT_ACTIVE_COMPILATION_CONDITIONS = DEBUG;
				SWIFT_OPTIMIZATION_LEVEL = "-Onone";
			};
			name = Debug;
		};
		26C99FF9207B8F1C00CC30AE /* Release */ = {
			isa = XCBuildConfiguration;
			buildSettings = {
				ALWAYS_SEARCH_USER_PATHS = NO;
				CLANG_ANALYZER_NONNULL = YES;
				CLANG_ANALYZER_NUMBER_OBJECT_CONVERSION = YES_AGGRESSIVE;
				CLANG_CXX_LANGUAGE_STANDARD = "gnu++14";
				CLANG_CXX_LIBRARY = "libc++";
				CLANG_ENABLE_MODULES = YES;
				CLANG_ENABLE_OBJC_ARC = YES;
				CLANG_ENABLE_OBJC_WEAK = YES;
				CLANG_WARN_BLOCK_CAPTURE_AUTORELEASING = YES;
				CLANG_WARN_BOOL_CONVERSION = YES;
				CLANG_WARN_COMMA = YES;
				CLANG_WARN_CONSTANT_CONVERSION = YES;
				CLANG_WARN_DEPRECATED_OBJC_IMPLEMENTATIONS = YES;
				CLANG_WARN_DIRECT_OBJC_ISA_USAGE = YES_ERROR;
				CLANG_WARN_DOCUMENTATION_COMMENTS = YES;
				CLANG_WARN_EMPTY_BODY = YES;
				CLANG_WARN_ENUM_CONVERSION = YES;
				CLANG_WARN_INFINITE_RECURSION = YES;
				CLANG_WARN_INT_CONVERSION = YES;
				CLANG_WARN_NON_LITERAL_NULL_CONVERSION = YES;
				CLANG_WARN_OBJC_IMPLICIT_RETAIN_SELF = YES;
				CLANG_WARN_OBJC_LITERAL_CONVERSION = YES;
				CLANG_WARN_OBJC_ROOT_CLASS = YES_ERROR;
				CLANG_WARN_RANGE_LOOP_ANALYSIS = YES;
				CLANG_WARN_STRICT_PROTOTYPES = YES;
				CLANG_WARN_SUSPICIOUS_MOVE = YES;
				CLANG_WARN_UNGUARDED_AVAILABILITY = YES_AGGRESSIVE;
				CLANG_WARN_UNREACHABLE_CODE = YES;
				CLANG_WARN__DUPLICATE_METHOD_MATCH = YES;
				CODE_SIGN_IDENTITY = "iPhone Developer";
				COPY_PHASE_STRIP = NO;
				DEBUG_INFORMATION_FORMAT = "dwarf-with-dsym";
				ENABLE_NS_ASSERTIONS = NO;
				ENABLE_STRICT_OBJC_MSGSEND = YES;
				GCC_C_LANGUAGE_STANDARD = gnu11;
				GCC_NO_COMMON_BLOCKS = YES;
				GCC_WARN_64_TO_32_BIT_CONVERSION = YES;
				GCC_WARN_ABOUT_RETURN_TYPE = YES_ERROR;
				GCC_WARN_UNDECLARED_SELECTOR = YES;
				GCC_WARN_UNINITIALIZED_AUTOS = YES_AGGRESSIVE;
				GCC_WARN_UNUSED_FUNCTION = YES;
				GCC_WARN_UNUSED_VARIABLE = YES;
				IPHONEOS_DEPLOYMENT_TARGET = 11.3;
				MTL_ENABLE_DEBUG_INFO = NO;
				SDKROOT = iphoneos;
				SWIFT_COMPILATION_MODE = wholemodule;
				SWIFT_OPTIMIZATION_LEVEL = "-O";
				VALIDATE_PRODUCT = YES;
			};
			name = Release;
		};
		26C99FFB207B8F1C00CC30AE /* Debug */ = {
			isa = XCBuildConfiguration;
			baseConfigurationReference = 14A17DFC2022DF1F219D1609 /* Pods-startDisplay.debug.xcconfig */;
			buildSettings = {
				ASSETCATALOG_COMPILER_APPICON_NAME = AppIcon;
				CODE_SIGN_STYLE = Automatic;
				DEVELOPMENT_TEAM = KAF9CCB8MV;
				INFOPLIST_FILE = startDisplay/Info.plist;
				LD_RUNPATH_SEARCH_PATHS = (
					"$(inherited)",
					"@executable_path/Frameworks",
				);
				PRODUCT_BUNDLE_IDENTIFIER = com.kkkkoyo.startDisplay;
				PRODUCT_NAME = "$(TARGET_NAME)";
				SWIFT_VERSION = 4.0;
				TARGETED_DEVICE_FAMILY = "1,2";
			};
			name = Debug;
		};
		26C99FFC207B8F1C00CC30AE /* Release */ = {
			isa = XCBuildConfiguration;
			baseConfigurationReference = 5BFF1126E0C9F6EBAE366921 /* Pods-startDisplay.release.xcconfig */;
			buildSettings = {
				ASSETCATALOG_COMPILER_APPICON_NAME = AppIcon;
				CODE_SIGN_STYLE = Automatic;
				DEVELOPMENT_TEAM = KAF9CCB8MV;
				INFOPLIST_FILE = startDisplay/Info.plist;
				LD_RUNPATH_SEARCH_PATHS = (
					"$(inherited)",
					"@executable_path/Frameworks",
				);
				PRODUCT_BUNDLE_IDENTIFIER = com.kkkkoyo.startDisplay;
				PRODUCT_NAME = "$(TARGET_NAME)";
				SWIFT_VERSION = 4.0;
				TARGETED_DEVICE_FAMILY = "1,2";
			};
			name = Release;
		};
		26C99FFE207B8F1C00CC30AE /* Debug */ = {
			isa = XCBuildConfiguration;
			baseConfigurationReference = 4047F24B6AC44CCEF4E38E38 /* Pods-startDisplayTests.debug.xcconfig */;
			buildSettings = {
				ALWAYS_EMBED_SWIFT_STANDARD_LIBRARIES = YES;
				BUNDLE_LOADER = "$(TEST_HOST)";
				CODE_SIGN_STYLE = Automatic;
				DEVELOPMENT_TEAM = KAF9CCB8MV;
				INFOPLIST_FILE = startDisplayTests/Info.plist;
				LD_RUNPATH_SEARCH_PATHS = (
					"$(inherited)",
					"@executable_path/Frameworks",
					"@loader_path/Frameworks",
				);
				PRODUCT_BUNDLE_IDENTIFIER = com.kkkkoyo.startDisplayTests;
				PRODUCT_NAME = "$(TARGET_NAME)";
				SWIFT_VERSION = 4.0;
				TARGETED_DEVICE_FAMILY = "1,2";
				TEST_HOST = "$(BUILT_PRODUCTS_DIR)/startDisplay.app/startDisplay";
			};
			name = Debug;
		};
		26C99FFF207B8F1C00CC30AE /* Release */ = {
			isa = XCBuildConfiguration;
			baseConfigurationReference = BF05409B25B8B8CC64BD0B77 /* Pods-startDisplayTests.release.xcconfig */;
			buildSettings = {
				ALWAYS_EMBED_SWIFT_STANDARD_LIBRARIES = YES;
				BUNDLE_LOADER = "$(TEST_HOST)";
				CODE_SIGN_STYLE = Automatic;
				DEVELOPMENT_TEAM = KAF9CCB8MV;
				INFOPLIST_FILE = startDisplayTests/Info.plist;
				LD_RUNPATH_SEARCH_PATHS = (
					"$(inherited)",
					"@executable_path/Frameworks",
					"@loader_path/Frameworks",
				);
				PRODUCT_BUNDLE_IDENTIFIER = com.kkkkoyo.startDisplayTests;
				PRODUCT_NAME = "$(TARGET_NAME)";
				SWIFT_VERSION = 4.0;
				TARGETED_DEVICE_FAMILY = "1,2";
				TEST_HOST = "$(BUILT_PRODUCTS_DIR)/startDisplay.app/startDisplay";
			};
			name = Release;
		};
		26C9A001207B8F1C00CC30AE /* Debug */ = {
			isa = XCBuildConfiguration;
			baseConfigurationReference = C7B278312F7F646A9F1E52A0 /* Pods-startDisplayUITests.debug.xcconfig */;
			buildSettings = {
				ALWAYS_EMBED_SWIFT_STANDARD_LIBRARIES = YES;
				CODE_SIGN_STYLE = Automatic;
				DEVELOPMENT_TEAM = KAF9CCB8MV;
				INFOPLIST_FILE = startDisplayUITests/Info.plist;
				LD_RUNPATH_SEARCH_PATHS = (
					"$(inherited)",
					"@executable_path/Frameworks",
					"@loader_path/Frameworks",
				);
				PRODUCT_BUNDLE_IDENTIFIER = com.kkkkoyo.startDisplayUITests;
				PRODUCT_NAME = "$(TARGET_NAME)";
				SWIFT_VERSION = 4.0;
				TARGETED_DEVICE_FAMILY = "1,2";
				TEST_TARGET_NAME = startDisplay;
			};
			name = Debug;
		};
		26C9A002207B8F1C00CC30AE /* Release */ = {
			isa = XCBuildConfiguration;
			baseConfigurationReference = 0C92268F58134D14BBDF44EC /* Pods-startDisplayUITests.release.xcconfig */;
			buildSettings = {
				ALWAYS_EMBED_SWIFT_STANDARD_LIBRARIES = YES;
				CODE_SIGN_STYLE = Automatic;
				DEVELOPMENT_TEAM = KAF9CCB8MV;
				INFOPLIST_FILE = startDisplayUITests/Info.plist;
				LD_RUNPATH_SEARCH_PATHS = (
					"$(inherited)",
					"@executable_path/Frameworks",
					"@loader_path/Frameworks",
				);
				PRODUCT_BUNDLE_IDENTIFIER = com.kkkkoyo.startDisplayUITests;
				PRODUCT_NAME = "$(TARGET_NAME)";
				SWIFT_VERSION = 4.0;
				TARGETED_DEVICE_FAMILY = "1,2";
				TEST_TARGET_NAME = startDisplay;
			};
			name = Release;
		};
/* End XCBuildConfiguration section */

/* Begin XCConfigurationList section */
		26C99FCD207B8F1A00CC30AE /* Build configuration list for PBXProject "startDisplay" */ = {
			isa = XCConfigurationList;
			buildConfigurations = (
				26C99FF8207B8F1C00CC30AE /* Debug */,
				26C99FF9207B8F1C00CC30AE /* Release */,
			);
			defaultConfigurationIsVisible = 0;
			defaultConfigurationName = Release;
		};
		26C99FFA207B8F1C00CC30AE /* Build configuration list for PBXNativeTarget "startDisplay" */ = {
			isa = XCConfigurationList;
			buildConfigurations = (
				26C99FFB207B8F1C00CC30AE /* Debug */,
				26C99FFC207B8F1C00CC30AE /* Release */,
			);
			defaultConfigurationIsVisible = 0;
			defaultConfigurationName = Release;
		};
		26C99FFD207B8F1C00CC30AE /* Build configuration list for PBXNativeTarget "startDisplayTests" */ = {
			isa = XCConfigurationList;
			buildConfigurations = (
				26C99FFE207B8F1C00CC30AE /* Debug */,
				26C99FFF207B8F1C00CC30AE /* Release */,
			);
			defaultConfigurationIsVisible = 0;
			defaultConfigurationName = Release;
		};
		26C9A000207B8F1C00CC30AE /* Build configuration list for PBXNativeTarget "startDisplayUITests" */ = {
			isa = XCConfigurationList;
			buildConfigurations = (
				26C9A001207B8F1C00CC30AE /* Debug */,
				26C9A002207B8F1C00CC30AE /* Release */,
			);
			defaultConfigurationIsVisible = 0;
			defaultConfigurationName = Release;
		};
/* End XCConfigurationList section */
	};
	rootObject = 26C99FCA207B8F1A00CC30AE /* Project object */;
}
